<?xml version="1.0" encoding="utf-8"?>
<Project ToolsVersion="4.0" xmlns="http://schemas.microsoft.com/developer/msbuild/2003">
  <ItemGroup>
    <Filter Include="Source Files">
      <UniqueIdentifier>{4FC737F1-C7A5-4376-A066-2A32D752A2FF}</UniqueIdentifier>
      <Extensions>cpp;cxx;c;def</Extensions>
    </Filter>
    <Filter Include="Header Files">
      <UniqueIdentifier>{93995380-89BD-4b04-88EB-625FBE52EBFB}</UniqueIdentifier>
      <Extensions>h</Extensions>
    </Filter>
    <Filter Include="Form Files">
      <UniqueIdentifier>{99349809-55BA-4b9d-BF79-8FDBB0286EB3}</UniqueIdentifier>
      <Extensions>ui</Extensions>
    </Filter>
    <Filter Include="Resource Files">
      <UniqueIdentifier>{D9D6E242-F8AF-46E4-B9FD-80ECBC20BA3E}</UniqueIdentifier>
      <Extensions>qrc;*</Extensions>
      <ParseFiles>false</ParseFiles>
    </Filter>
    <Filter Include="Generated Files">
      <UniqueIdentifier>{71ED8ED8-ACB9-4CE9-BBE1-E00B30144E11}</UniqueIdentifier>
      <Extensions>moc;h;cpp</Extensions>
      <SourceControlFiles>False</SourceControlFiles>
    </Filter>
    <Filter Include="Generated Files\Debug">
      <UniqueIdentifier>{41f60b34-438c-4bd6-a5b8-62894520adff}</UniqueIdentifier>
      <Extensions>cpp;moc</Extensions>
      <SourceControlFiles>False</SourceControlFiles>
    </Filter>
    <Filter Include="Generated Files\Release">
      <UniqueIdentifier>{0bf7eedb-4f3b-4270-bc73-cfa412608a7a}</UniqueIdentifier>
      <Extensions>cpp;moc</Extensions>
      <SourceControlFiles>False</SourceControlFiles>
    </Filter>
    <Filter Include="Lib">
      <UniqueIdentifier>{124bd419-26ee-4274-8615-311fcede6316}</UniqueIdentifier>
    </Filter>
  </ItemGroup>
  <ItemGroup>
    <ClCompile Include="Source\main.cpp">
      <Filter>Source Files</Filter>
    </ClCompile>
    <ClCompile Include="GeneratedFiles\Debug\moc_qcustomplot.cpp">
      <Filter>Generated Files\Debug</Filter>
    </ClCompile>
    <ClCompile Include="GeneratedFiles\Release\moc_qcustomplot.cpp">
      <Filter>Generated Files\Release</Filter>
    </ClCompile>
    <ClCompile Include="Source\device.cpp">
      <Filter>Source Files</Filter>
    </ClCompile>
    <ClCompile Include="GeneratedFiles\Debug\moc_device.cpp">
      <Filter>Generated Files\Debug</Filter>
    </ClCompile>
    <ClCompile Include="GeneratedFiles\Release\moc_device.cpp">
      <Filter>Generated Files\Release</Filter>
    </ClCompile>
    <ClCompile Include="Source\sr_engine.cpp">
      <Filter>Source Files</Filter>
    </ClCompile>
    <ClCompile Include="GeneratedFiles\Debug\moc_main_form.cpp">
      <Filter>Generated Files\Debug</Filter>
    </ClCompile>
    <ClCompile Include="GeneratedFiles\Release\moc_main_form.cpp">
      <Filter>Generated Files\Release</Filter>
    </ClCompile>
    <ClCompile Include="Source\main_form.cpp">
      <Filter>Source Files</Filter>
    </ClCompile>
    <ClCompile Include="GeneratedFiles\Debug\moc_sr_engine.cpp">
      <Filter>Generated Files\Debug</Filter>
    </ClCompile>
    <ClCompile Include="GeneratedFiles\Release\moc_sr_engine.cpp">
      <Filter>Generated Files\Release</Filter>
    </ClCompile>
    <ClCompile Include="Source\endpoint_detector.cpp">
      <Filter>Source Files</Filter>
    </ClCompile>
    <ClCompile Include="Source\mfcc_processor.cpp">
      <Filter>Source Files</Filter>
    </ClCompile>
    <ClCompile Include="Source\util.cpp">
      <Filter>Source Files</Filter>
    </ClCompile>
    <ClCompile Include="Source\codebook.cpp">
      <Filter>Source Files</Filter>
    </ClCompile>
    <ClCompile Include="Source\point.cpp">
      <Filter>Source Files</Filter>
    </ClCompile>
    <ClCompile Include="Source\centroid.cpp">
      <Filter>Source Files</Filter>
    </ClCompile>
    <ClCompile Include="Source\database.cpp">
      <Filter>Source Files</Filter>
    </ClCompile>
  </ItemGroup>
  <ItemGroup>
    <CustomBuild Include="Forms\main_form.ui">
      <Filter>Form Files</Filter>
    </CustomBuild>
    <CustomBuild Include="Lib\QCustomPlot\qcustomplot.h">
      <Filter>Lib</Filter>
    </CustomBuild>
    <CustomBuild Include="Source\device.h">
      <Filter>Header Files</Filter>
    </CustomBuild>
    <CustomBuild Include="Source\sr_engine.h">
      <Filter>Header Files</Filter>
    </CustomBuild>
    <CustomBuild Include="Source\main_form.h">
      <Filter>Header Files</Filter>
    </CustomBuild>
  </ItemGroup>
  <ItemGroup>
    <ClInclude Include="GeneratedFiles\ui_main_form.h">
      <Filter>Generated Files</Filter>
    </ClInclude>
    <ClInclude Include="Lib\fftw3\fftw3.h">
      <Filter>Lib</Filter>
    </ClInclude>
    <ClInclude Include="Source\util.h">
      <Filter>Header Files</Filter>
    </ClInclude>
    <ClInclude Include="Source\iobserver.h">
      <Filter>Header Files</Filter>
    </ClInclude>
    <ClInclude Include="Source\endpoint_detector.h">
      <Filter>Header Files</Filter>
    </ClInclude>
    <ClInclude Include="Source\mfcc_processor.h">
      <Filter>Header Files</Filter>
    </ClInclude>
    <ClInclude Include="Source\codebook.h">
      <Filter>Header Files</Filter>
    </ClInclude>
    <ClInclude Include="Source\point.h">
      <Filter>Header Files</Filter>
    </ClInclude>
    <ClInclude Include="Source\centroid.h">
      <Filter>Header Files</Filter>
    </ClInclude>
    <ClInclude Include="Source\database.h">
      <Filter>Header Files</Filter>
    </ClInclude>
  </ItemGroup>
  <ItemGroup>
    <Text Include="Todo.txt" />
  </ItemGroup>
</Project>